
Microsoft Visual Studio Solution File, Format Version 12.00
# Visual Studio Version 16
VisualStudioVersion = 16.0.31613.86
MinimumVisualStudioVersion = 10.0.40219.1
Project("{FAE04EC0-301F-11D3-BF4B-00C04F79EFBC}") = "DevFreelaOne", "DevFreelaOne\DevFreelaOne.csproj", "{F5940F4D-B8BE-416B-90DC-ED7AB87C1C81}"
EndProject
Global
	GlobalSection(SolutionConfigurationPlatforms) = preSolution
		Debug|Any CPU = Debug|Any CPU
		Release|Any CPU = Release|Any CPU
	EndGlobalSection
	GlobalSection(ProjectConfigurationPlatforms) = postSolution
		{F5940F4D-B8BE-416B-90DC-ED7AB87C1C81}.Debug|Any CPU.ActiveCfg = Debug|Any CPU
		{F5940F4D-B8BE-416B-90DC-ED7AB87C1C81}.Debug|Any CPU.Build.0 = Debug|Any CPU
		{F5940F4D-B8BE-416B-90DC-ED7AB87C1C81}.Release|Any CPU.ActiveCfg = Release|Any CPU
		{F5940F4D-B8BE-416B-90DC-ED7AB87C1C81}.Release|Any CPU.Build.0 = Release|Any CPU
	EndGlobalSection
	GlobalSection(SolutionProperties) = preSolution
		HideSolutionNode = FALSE
	EndGlobalSection
	GlobalSection(ExtensibilityGlobals) = postSolution
		SolutionGuid = {CC146756-D8D8-460E-91D9-A04EEC1395D4}
	EndGlobalSection
EndGlobal
